
Microsoft Visual Studio Solution File, Format Version 12.00
# Visual Studio Version 17
VisualStudioVersion = 17.7.34003.232
MinimumVisualStudioVersion = 10.0.40219.1
Project("{FAE04EC0-301F-11D3-BF4B-00C04F79EFBC}") = "CapaPresentacionAdmin", "CapaPresentacionAdmin\CapaPresentacionAdmin.csproj", "{D63FDAAF-9ECA-4B3C-B61B-2424532E17A0}"
EndProject
Project("{FAE04EC0-301F-11D3-BF4B-00C04F79EFBC}") = "CapaPresentacionTienda", "CapaPresentacionTienda\CapaPresentacionTienda.csproj", "{2F5DE3B8-F0A4-441B-8177-D95909A2EAD2}"
EndProject
Project("{FAE04EC0-301F-11D3-BF4B-00C04F79EFBC}") = "CapaDatos", "CapaDatos\CapaDatos.csproj", "{03DAEAAE-F8CE-43A9-90B4-BB2C8067F98F}"
EndProject
Project("{FAE04EC0-301F-11D3-BF4B-00C04F79EFBC}") = "CapaEntidad", "CapaEntidad\CapaEntidad.csproj", "{FA65C411-89F0-4BAB-82AB-EBB45DCA196B}"
EndProject
Project("{FAE04EC0-301F-11D3-BF4B-00C04F79EFBC}") = "CapaNegocio", "CapaNegocio\CapaNegocio.csproj", "{FCFC5572-0EB3-4FD4-888E-EA371FD4F365}"
EndProject
Global
	GlobalSection(SolutionConfigurationPlatforms) = preSolution
		Debug|Any CPU = Debug|Any CPU
		Release|Any CPU = Release|Any CPU
	EndGlobalSection
	GlobalSection(ProjectConfigurationPlatforms) = postSolution
		{D63FDAAF-9ECA-4B3C-B61B-2424532E17A0}.Debug|Any CPU.ActiveCfg = Debug|Any CPU
		{D63FDAAF-9ECA-4B3C-B61B-2424532E17A0}.Debug|Any CPU.Build.0 = Debug|Any CPU
		{D63FDAAF-9ECA-4B3C-B61B-2424532E17A0}.Release|Any CPU.ActiveCfg = Release|Any CPU
		{D63FDAAF-9ECA-4B3C-B61B-2424532E17A0}.Release|Any CPU.Build.0 = Release|Any CPU
		{2F5DE3B8-F0A4-441B-8177-D95909A2EAD2}.Debug|Any CPU.ActiveCfg = Debug|Any CPU
		{2F5DE3B8-F0A4-441B-8177-D95909A2EAD2}.Debug|Any CPU.Build.0 = Debug|Any CPU
		{2F5DE3B8-F0A4-441B-8177-D95909A2EAD2}.Release|Any CPU.ActiveCfg = Release|Any CPU
		{2F5DE3B8-F0A4-441B-8177-D95909A2EAD2}.Release|Any CPU.Build.0 = Release|Any CPU
		{03DAEAAE-F8CE-43A9-90B4-BB2C8067F98F}.Debug|Any CPU.ActiveCfg = Debug|Any CPU
		{03DAEAAE-F8CE-43A9-90B4-BB2C8067F98F}.Debug|Any CPU.Build.0 = Debug|Any CPU
		{03DAEAAE-F8CE-43A9-90B4-BB2C8067F98F}.Release|Any CPU.ActiveCfg = Release|Any CPU
		{03DAEAAE-F8CE-43A9-90B4-BB2C8067F98F}.Release|Any CPU.Build.0 = Release|Any CPU
		{FA65C411-89F0-4BAB-82AB-EBB45DCA196B}.Debug|Any CPU.ActiveCfg = Debug|Any CPU
		{FA65C411-89F0-4BAB-82AB-EBB45DCA196B}.Debug|Any CPU.Build.0 = Debug|Any CPU
		{FA65C411-89F0-4BAB-82AB-EBB45DCA196B}.Release|Any CPU.ActiveCfg = Release|Any CPU
		{FA65C411-89F0-4BAB-82AB-EBB45DCA196B}.Release|Any CPU.Build.0 = Release|Any CPU
		{FCFC5572-0EB3-4FD4-888E-EA371FD4F365}.Debug|Any CPU.ActiveCfg = Debug|Any CPU
		{FCFC5572-0EB3-4FD4-888E-EA371FD4F365}.Debug|Any CPU.Build.0 = Debug|Any CPU
		{FCFC5572-0EB3-4FD4-888E-EA371FD4F365}.Release|Any CPU.ActiveCfg = Release|Any CPU
		{FCFC5572-0EB3-4FD4-888E-EA371FD4F365}.Release|Any CPU.Build.0 = Release|Any CPU
	EndGlobalSection
	GlobalSection(SolutionProperties) = preSolution
		HideSolutionNode = FALSE
	EndGlobalSection
	GlobalSection(ExtensibilityGlobals) = postSolution
		SolutionGuid = {04DEFD57-CF13-4918-8BE9-98A644EF5B2F}
	EndGlobalSection
EndGlobal
